
Microsoft Visual Studio Solution File, Format Version 12.00
# Visual Studio Version 17
VisualStudioVersion = 17.3.32922.545
MinimumVisualStudioVersion = 10.0.40219.1
Project("{9A19103F-16F7-4668-BE54-9A1E7A4F7556}") = "audits-.net-react-ramine", "audits-.net-react-ramine.csproj", "{CA9C4748-0EEE-40C3-88A3-03D1E90407B1}"
EndProject
Project("{9A19103F-16F7-4668-BE54-9A1E7A4F7556}") = "audits-.net-react-ramine.Tests", "audits-.net-react-ramine-tests\audits-.net-react-ramine.Tests.csproj", "{B84EC0AA-30D2-46B4-A7EE-768B9568E669}"
EndProject
Global
	GlobalSection(SolutionConfigurationPlatforms) = preSolution
		Debug|Any CPU = Debug|Any CPU
		Release|Any CPU = Release|Any CPU
	EndGlobalSection
	GlobalSection(ProjectConfigurationPlatforms) = postSolution
		{CA9C4748-0EEE-40C3-88A3-03D1E90407B1}.Debug|Any CPU.ActiveCfg = Debug|Any CPU
		{CA9C4748-0EEE-40C3-88A3-03D1E90407B1}.Debug|Any CPU.Build.0 = Debug|Any CPU
		{CA9C4748-0EEE-40C3-88A3-03D1E90407B1}.Release|Any CPU.ActiveCfg = Release|Any CPU
		{CA9C4748-0EEE-40C3-88A3-03D1E90407B1}.Release|Any CPU.Build.0 = Release|Any CPU
		{B84EC0AA-30D2-46B4-A7EE-768B9568E669}.Debug|Any CPU.ActiveCfg = Debug|Any CPU
		{B84EC0AA-30D2-46B4-A7EE-768B9568E669}.Debug|Any CPU.Build.0 = Debug|Any CPU
		{B84EC0AA-30D2-46B4-A7EE-768B9568E669}.Release|Any CPU.ActiveCfg = Release|Any CPU
		{B84EC0AA-30D2-46B4-A7EE-768B9568E669}.Release|Any CPU.Build.0 = Release|Any CPU
	EndGlobalSection
	GlobalSection(SolutionProperties) = preSolution
		HideSolutionNode = FALSE
	EndGlobalSection
	GlobalSection(ExtensibilityGlobals) = postSolution
		SolutionGuid = {69B3FDCC-EA5B-46B4-90CE-B5B29A365B36}
	EndGlobalSection
EndGlobal